
Microsoft Visual Studio Solution File, Format Version 12.00
# Visual Studio Version 16
VisualStudioVersion = 16.0.31205.134
MinimumVisualStudioVersion = 10.0.40219.1
Project("{FAE04EC0-301F-11D3-BF4B-00C04F79EFBC}") = "CustomDiscordRichPresence", "CustomDiscordRichPresence.csproj", "{6A826A7A-8ACC-4729-968A-72688747622B}"
EndProject
Global
	GlobalSection(SolutionConfigurationPlatforms) = preSolution
		Debug|Any CPU = Debug|Any CPU
		Release|Any CPU = Release|Any CPU
	EndGlobalSection
	GlobalSection(ProjectConfigurationPlatforms) = postSolution
		{6A826A7A-8ACC-4729-968A-72688747622B}.Debug|Any CPU.ActiveCfg = Debug|Any CPU
		{6A826A7A-8ACC-4729-968A-72688747622B}.Debug|Any CPU.Build.0 = Debug|Any CPU
		{6A826A7A-8ACC-4729-968A-72688747622B}.Release|Any CPU.ActiveCfg = Release|Any CPU
		{6A826A7A-8ACC-4729-968A-72688747622B}.Release|Any CPU.Build.0 = Release|Any CPU
	EndGlobalSection
	GlobalSection(SolutionProperties) = preSolution
		HideSolutionNode = FALSE
	EndGlobalSection
	GlobalSection(ExtensibilityGlobals) = postSolution
		SolutionGuid = {7172EA73-1E6F-4A70-9253-AAE58C1A7D9B}
	EndGlobalSection
EndGlobal
